{
  "name": "ADM songs book",
  "lockfileVersion": 3,
  "requires": true,
  "packages": {
    "": {
      "devDependencies": {
        "@types/serviceworker": "^0.0.193"
      }
    },
    "node_modules/@types/serviceworker": {
      "version": "0.0.193",
      "resolved": "https://registry.npmjs.org/@types/serviceworker/-/serviceworker-0.0.193.tgz",
      "integrity": "sha512-3nZH1ahex0tTmAuCRF/zJWsxq730GW9xItPm5U4EtZYF0MdqKEdyypgOteJnikWZ8QGPGetEkooSD4z7nQblRw==",
      "dev": true,
      "license": "Apache-2.0"
    }
  }
}
